{
  "requires": true,
  "lockfileVersion": 1,
  "dependencies": {
    "coc-kite": {
      "version": "0.1.0",
      "resolved": "https://registry.npmjs.org/coc-kite/-/coc-kite-0.1.0.tgz",
      "integrity": "sha512-arylBQIyQOgcb9M95Xqj+kMzJxBABhwuO1tinxvXPk5dt85Yo0Q1pLQh/zzy/Zc+XZQG5YCYsCBrwvBcVCnj6Q=="
    }
  }
}
